
Microsoft Visual Studio Solution File, Format Version 12.00
# Visual Studio 15
Project("{FAE04EC0-301F-11D3-BF4B-00C04F79EFBC}") = "Unity.Timeline", "Unity.Timeline.csproj", "{9757C81E-6F4F-CF3B-C053-EF4769719D75}"
EndProject
Project("{FAE04EC0-301F-11D3-BF4B-00C04F79EFBC}") = "Unity.Timeline.Editor", "Unity.Timeline.Editor.csproj", "{BBF165D1-C9E3-6E35-C080-6C93274CE9EF}"
EndProject
Project("{FAE04EC0-301F-11D3-BF4B-00C04F79EFBC}") = "Unity.TextMeshPro.Editor", "Unity.TextMeshPro.Editor.csproj", "{D254B21A-D6C4-7643-7C08-D325C3F8D7B6}"
EndProject
Project("{FAE04EC0-301F-11D3-BF4B-00C04F79EFBC}") = "Unity.VisualScripting.Flow", "Unity.VisualScripting.Flow.csproj", "{9FFAAB0E-9D94-9658-51C3-7E7704462555}"
EndProject
Project("{FAE04EC0-301F-11D3-BF4B-00C04F79EFBC}") = "Unity.PlasticSCM.Editor", "Unity.PlasticSCM.Editor.csproj", "{60554D26-9C73-4E72-6C93-788B7DC8C6F0}"
EndProject
Project("{FAE04EC0-301F-11D3-BF4B-00C04F79EFBC}") = "Unity.VisualScripting.Core", "Unity.VisualScripting.Core.csproj", "{E3C77ADB-0B8B-8F1E-73DC-23DDE84D59B6}"
EndProject
Project("{FAE04EC0-301F-11D3-BF4B-00C04F79EFBC}") = "Unity.VisualScripting.Core.Editor", "Unity.VisualScripting.Core.Editor.csproj", "{9BAA5FCF-6326-65ED-1BB5-3FD42D7C9B01}"
EndProject
Project("{FAE04EC0-301F-11D3-BF4B-00C04F79EFBC}") = "Unity.VisualScripting.Flow.Editor", "Unity.VisualScripting.Flow.Editor.csproj", "{C80B05C0-44F7-D43D-1075-16DA21F44144}"
EndProject
Project("{FAE04EC0-301F-11D3-BF4B-00C04F79EFBC}") = "UnityEditor.TestRunner", "UnityEditor.TestRunner.csproj", "{67609A25-77C4-0AEB-9005-6F7F7FFFF4DB}"
EndProject
Project("{FAE04EC0-301F-11D3-BF4B-00C04F79EFBC}") = "Unity.VisualScripting.SettingsProvider.Editor", "Unity.VisualScripting.SettingsProvider.Editor.csproj", "{0D22B003-E729-3F70-4839-FBDA48B7B70D}"
EndProject
Project("{FAE04EC0-301F-11D3-BF4B-00C04F79EFBC}") = "UnityEngine.TestRunner", "UnityEngine.TestRunner.csproj", "{018A92B1-FC7E-8C9F-B245-22391D6B5142}"
EndProject
Project("{FAE04EC0-301F-11D3-BF4B-00C04F79EFBC}") = "Unity.VisualStudio.Editor", "Unity.VisualStudio.Editor.csproj", "{D3DCE203-3F9B-7673-423A-7AC2A5D24C15}"
EndProject
Project("{FAE04EC0-301F-11D3-BF4B-00C04F79EFBC}") = "Unity.TestTools.CodeCoverage.Editor.OpenCover.Model", "Unity.TestTools.CodeCoverage.Editor.OpenCover.Model.csproj", "{573A24FE-002F-4B5D-76EB-E2DD604E78AF}"
EndProject
Project("{FAE04EC0-301F-11D3-BF4B-00C04F79EFBC}") = "Unity.Rider.Editor", "Unity.Rider.Editor.csproj", "{F9267B60-7C3D-3463-4522-9F53B91B62FE}"
EndProject
Project("{FAE04EC0-301F-11D3-BF4B-00C04F79EFBC}") = "Unity.VisualScripting.State.Editor", "Unity.VisualScripting.State.Editor.csproj", "{31322F0C-DF46-C883-2C4E-082224AC369C}"
EndProject
Project("{FAE04EC0-301F-11D3-BF4B-00C04F79EFBC}") = "Unity.TestTools.CodeCoverage.Editor", "Unity.TestTools.CodeCoverage.Editor.csproj", "{8A4D74AE-7A81-6418-A619-4917BFC7716E}"
EndProject
Project("{FAE04EC0-301F-11D3-BF4B-00C04F79EFBC}") = "Unity.VisualScripting.State", "Unity.VisualScripting.State.csproj", "{530E71EE-1C66-E95D-8ADE-5CF6EAA34692}"
EndProject
Project("{FAE04EC0-301F-11D3-BF4B-00C04F79EFBC}") = "Unity.TextMeshPro", "Unity.TextMeshPro.csproj", "{A7EB2CDE-6A8E-EA67-6EB7-FB01E8F07FA6}"
EndProject
Project("{FAE04EC0-301F-11D3-BF4B-00C04F79EFBC}") = "Unity.Performance.Profile-Analyzer.Editor", "Unity.Performance.Profile-Analyzer.Editor.csproj", "{217D6BED-A2CB-2F37-2E57-5204BFBE7A9C}"
EndProject
Project("{FAE04EC0-301F-11D3-BF4B-00C04F79EFBC}") = "Unity.VSCode.Editor", "Unity.VSCode.Editor.csproj", "{93A2AD8E-3FDC-86CF-669B-7D16FDD9639B}"
EndProject
Project("{FAE04EC0-301F-11D3-BF4B-00C04F79EFBC}") = "Unity.TestTools.CodeCoverage.Editor.OpenCover.Mono.Reflection", "Unity.TestTools.CodeCoverage.Editor.OpenCover.Mono.Reflection.csproj", "{869D78FC-3C21-1AE9-4750-392AF33B0735}"
EndProject
Project("{FAE04EC0-301F-11D3-BF4B-00C04F79EFBC}") = "Unity.Settings.Editor", "Unity.Settings.Editor.csproj", "{03DF2CAD-5143-943E-52CD-C21CC726A530}"
EndProject
Project("{FAE04EC0-301F-11D3-BF4B-00C04F79EFBC}") = "Unity.EditorCoroutines.Editor", "Unity.EditorCoroutines.Editor.csproj", "{84D3B925-B3D6-809C-63D1-EF872DE12255}"
EndProject
Project("{FAE04EC0-301F-11D3-BF4B-00C04F79EFBC}") = "Unity.VisualScripting.Shared.Editor", "Unity.VisualScripting.Shared.Editor.csproj", "{A144D256-885D-F905-0DB5-C58437ABA4F6}"
EndProject
Project("{FAE04EC0-301F-11D3-BF4B-00C04F79EFBC}") = "Unity.CollabProxy.Editor", "Unity.CollabProxy.Editor.csproj", "{24EC23E3-29CD-18C7-9121-0F735B89B347}"
EndProject
Global
	GlobalSection(SolutionConfigurationPlatforms) = preSolution
		Debug|Any CPU = Debug|Any CPU
		Release|Any CPU = Release|Any CPU
	EndGlobalSection
	GlobalSection(ProjectConfigurationPlatforms) = postSolution
		{9757C81E-6F4F-CF3B-C053-EF4769719D75}.Debug|Any CPU.ActiveCfg = Debug|Any CPU
		{9757C81E-6F4F-CF3B-C053-EF4769719D75}.Debug|Any CPU.Build.0 = Debug|Any CPU
		{9757C81E-6F4F-CF3B-C053-EF4769719D75}.Release|Any CPU.ActiveCfg = Release|Any CPU
		{9757C81E-6F4F-CF3B-C053-EF4769719D75}.Release|Any CPU.Build.0 = Release|Any CPU
		{BBF165D1-C9E3-6E35-C080-6C93274CE9EF}.Debug|Any CPU.ActiveCfg = Debug|Any CPU
		{BBF165D1-C9E3-6E35-C080-6C93274CE9EF}.Debug|Any CPU.Build.0 = Debug|Any CPU
		{BBF165D1-C9E3-6E35-C080-6C93274CE9EF}.Release|Any CPU.ActiveCfg = Release|Any CPU
		{BBF165D1-C9E3-6E35-C080-6C93274CE9EF}.Release|Any CPU.Build.0 = Release|Any CPU
		{D254B21A-D6C4-7643-7C08-D325C3F8D7B6}.Debug|Any CPU.ActiveCfg = Debug|Any CPU
		{D254B21A-D6C4-7643-7C08-D325C3F8D7B6}.Debug|Any CPU.Build.0 = Debug|Any CPU
		{D254B21A-D6C4-7643-7C08-D325C3F8D7B6}.Release|Any CPU.ActiveCfg = Release|Any CPU
		{D254B21A-D6C4-7643-7C08-D325C3F8D7B6}.Release|Any CPU.Build.0 = Release|Any CPU
		{9FFAAB0E-9D94-9658-51C3-7E7704462555}.Debug|Any CPU.ActiveCfg = Debug|Any CPU
		{9FFAAB0E-9D94-9658-51C3-7E7704462555}.Debug|Any CPU.Build.0 = Debug|Any CPU
		{9FFAAB0E-9D94-9658-51C3-7E7704462555}.Release|Any CPU.ActiveCfg = Release|Any CPU
		{9FFAAB0E-9D94-9658-51C3-7E7704462555}.Release|Any CPU.Build.0 = Release|Any CPU
		{60554D26-9C73-4E72-6C93-788B7DC8C6F0}.Debug|Any CPU.ActiveCfg = Debug|Any CPU
		{60554D26-9C73-4E72-6C93-788B7DC8C6F0}.Debug|Any CPU.Build.0 = Debug|Any CPU
		{60554D26-9C73-4E72-6C93-788B7DC8C6F0}.Release|Any CPU.ActiveCfg = Release|Any CPU
		{60554D26-9C73-4E72-6C93-788B7DC8C6F0}.Release|Any CPU.Build.0 = Release|Any CPU
		{E3C77ADB-0B8B-8F1E-73DC-23DDE84D59B6}.Debug|Any CPU.ActiveCfg = Debug|Any CPU
		{E3C77ADB-0B8B-8F1E-73DC-23DDE84D59B6}.Debug|Any CPU.Build.0 = Debug|Any CPU
		{E3C77ADB-0B8B-8F1E-73DC-23DDE84D59B6}.Release|Any CPU.ActiveCfg = Release|Any CPU
		{E3C77ADB-0B8B-8F1E-73DC-23DDE84D59B6}.Release|Any CPU.Build.0 = Release|Any CPU
		{9BAA5FCF-6326-65ED-1BB5-3FD42D7C9B01}.Debug|Any CPU.ActiveCfg = Debug|Any CPU
		{9BAA5FCF-6326-65ED-1BB5-3FD42D7C9B01}.Debug|Any CPU.Build.0 = Debug|Any CPU
		{9BAA5FCF-6326-65ED-1BB5-3FD42D7C9B01}.Release|Any CPU.ActiveCfg = Release|Any CPU
		{9BAA5FCF-6326-65ED-1BB5-3FD42D7C9B01}.Release|Any CPU.Build.0 = Release|Any CPU
		{C80B05C0-44F7-D43D-1075-16DA21F44144}.Debug|Any CPU.ActiveCfg = Debug|Any CPU
		{C80B05C0-44F7-D43D-1075-16DA21F44144}.Debug|Any CPU.Build.0 = Debug|Any CPU
		{C80B05C0-44F7-D43D-1075-16DA21F44144}.Release|Any CPU.ActiveCfg = Release|Any CPU
		{C80B05C0-44F7-D43D-1075-16DA21F44144}.Release|Any CPU.Build.0 = Release|Any CPU
		{67609A25-77C4-0AEB-9005-6F7F7FFFF4DB}.Debug|Any CPU.ActiveCfg = Debug|Any CPU
		{67609A25-77C4-0AEB-9005-6F7F7FFFF4DB}.Debug|Any CPU.Build.0 = Debug|Any CPU
		{67609A25-77C4-0AEB-9005-6F7F7FFFF4DB}.Release|Any CPU.ActiveCfg = Release|Any CPU
		{67609A25-77C4-0AEB-9005-6F7F7FFFF4DB}.Release|Any CPU.Build.0 = Release|Any CPU
		{0D22B003-E729-3F70-4839-FBDA48B7B70D}.Debug|Any CPU.ActiveCfg = Debug|Any CPU
		{0D22B003-E729-3F70-4839-FBDA48B7B70D}.Debug|Any CPU.Build.0 = Debug|Any CPU
		{0D22B003-E729-3F70-4839-FBDA48B7B70D}.Release|Any CPU.ActiveCfg = Release|Any CPU
		{0D22B003-E729-3F70-4839-FBDA48B7B70D}.Release|Any CPU.Build.0 = Release|Any CPU
		{018A92B1-FC7E-8C9F-B245-22391D6B5142}.Debug|Any CPU.ActiveCfg = Debug|Any CPU
		{018A92B1-FC7E-8C9F-B245-22391D6B5142}.Debug|Any CPU.Build.0 = Debug|Any CPU
		{018A92B1-FC7E-8C9F-B245-22391D6B5142}.Release|Any CPU.ActiveCfg = Release|Any CPU
		{018A92B1-FC7E-8C9F-B245-22391D6B5142}.Release|Any CPU.Build.0 = Release|Any CPU
		{D3DCE203-3F9B-7673-423A-7AC2A5D24C15}.Debug|Any CPU.ActiveCfg = Debug|Any CPU
		{D3DCE203-3F9B-7673-423A-7AC2A5D24C15}.Debug|Any CPU.Build.0 = Debug|Any CPU
		{D3DCE203-3F9B-7673-423A-7AC2A5D24C15}.Release|Any CPU.ActiveCfg = Release|Any CPU
		{D3DCE203-3F9B-7673-423A-7AC2A5D24C15}.Release|Any CPU.Build.0 = Release|Any CPU
		{573A24FE-002F-4B5D-76EB-E2DD604E78AF}.Debug|Any CPU.ActiveCfg = Debug|Any CPU
		{573A24FE-002F-4B5D-76EB-E2DD604E78AF}.Debug|Any CPU.Build.0 = Debug|Any CPU
		{573A24FE-002F-4B5D-76EB-E2DD604E78AF}.Release|Any CPU.ActiveCfg = Release|Any CPU
		{573A24FE-002F-4B5D-76EB-E2DD604E78AF}.Release|Any CPU.Build.0 = Release|Any CPU
		{F9267B60-7C3D-3463-4522-9F53B91B62FE}.Debug|Any CPU.ActiveCfg = Debug|Any CPU
		{F9267B60-7C3D-3463-4522-9F53B91B62FE}.Debug|Any CPU.Build.0 = Debug|Any CPU
		{F9267B60-7C3D-3463-4522-9F53B91B62FE}.Release|Any CPU.ActiveCfg = Release|Any CPU
		{F9267B60-7C3D-3463-4522-9F53B91B62FE}.Release|Any CPU.Build.0 = Release|Any CPU
		{31322F0C-DF46-C883-2C4E-082224AC369C}.Debug|Any CPU.ActiveCfg = Debug|Any CPU
		{31322F0C-DF46-C883-2C4E-082224AC369C}.Debug|Any CPU.Build.0 = Debug|Any CPU
		{31322F0C-DF46-C883-2C4E-082224AC369C}.Release|Any CPU.ActiveCfg = Release|Any CPU
		{31322F0C-DF46-C883-2C4E-082224AC369C}.Release|Any CPU.Build.0 = Release|Any CPU
		{8A4D74AE-7A81-6418-A619-4917BFC7716E}.Debug|Any CPU.ActiveCfg = Debug|Any CPU
		{8A4D74AE-7A81-6418-A619-4917BFC7716E}.Debug|Any CPU.Build.0 = Debug|Any CPU
		{8A4D74AE-7A81-6418-A619-4917BFC7716E}.Release|Any CPU.ActiveCfg = Release|Any CPU
		{8A4D74AE-7A81-6418-A619-4917BFC7716E}.Release|Any CPU.Build.0 = Release|Any CPU
		{530E71EE-1C66-E95D-8ADE-5CF6EAA34692}.Debug|Any CPU.ActiveCfg = Debug|Any CPU
		{530E71EE-1C66-E95D-8ADE-5CF6EAA34692}.Debug|Any CPU.Build.0 = Debug|Any CPU
		{530E71EE-1C66-E95D-8ADE-5CF6EAA34692}.Release|Any CPU.ActiveCfg = Release|Any CPU
		{530E71EE-1C66-E95D-8ADE-5CF6EAA34692}.Release|Any CPU.Build.0 = Release|Any CPU
		{A7EB2CDE-6A8E-EA67-6EB7-FB01E8F07FA6}.Debug|Any CPU.ActiveCfg = Debug|Any CPU
		{A7EB2CDE-6A8E-EA67-6EB7-FB01E8F07FA6}.Debug|Any CPU.Build.0 = Debug|Any CPU
		{A7EB2CDE-6A8E-EA67-6EB7-FB01E8F07FA6}.Release|Any CPU.ActiveCfg = Release|Any CPU
		{A7EB2CDE-6A8E-EA67-6EB7-FB01E8F07FA6}.Release|Any CPU.Build.0 = Release|Any CPU
		{217D6BED-A2CB-2F37-2E57-5204BFBE7A9C}.Debug|Any CPU.ActiveCfg = Debug|Any CPU
		{217D6BED-A2CB-2F37-2E57-5204BFBE7A9C}.Debug|Any CPU.Build.0 = Debug|Any CPU
		{217D6BED-A2CB-2F37-2E57-5204BFBE7A9C}.Release|Any CPU.ActiveCfg = Release|Any CPU
		{217D6BED-A2CB-2F37-2E57-5204BFBE7A9C}.Release|Any CPU.Build.0 = Release|Any CPU
		{93A2AD8E-3FDC-86CF-669B-7D16FDD9639B}.Debug|Any CPU.ActiveCfg = Debug|Any CPU
		{93A2AD8E-3FDC-86CF-669B-7D16FDD9639B}.Debug|Any CPU.Build.0 = Debug|Any CPU
		{93A2AD8E-3FDC-86CF-669B-7D16FDD9639B}.Release|Any CPU.ActiveCfg = Release|Any CPU
		{93A2AD8E-3FDC-86CF-669B-7D16FDD9639B}.Release|Any CPU.Build.0 = Release|Any CPU
		{869D78FC-3C21-1AE9-4750-392AF33B0735}.Debug|Any CPU.ActiveCfg = Debug|Any CPU
		{869D78FC-3C21-1AE9-4750-392AF33B0735}.Debug|Any CPU.Build.0 = Debug|Any CPU
		{869D78FC-3C21-1AE9-4750-392AF33B0735}.Release|Any CPU.ActiveCfg = Release|Any CPU
		{869D78FC-3C21-1AE9-4750-392AF33B0735}.Release|Any CPU.Build.0 = Release|Any CPU
		{03DF2CAD-5143-943E-52CD-C21CC726A530}.Debug|Any CPU.ActiveCfg = Debug|Any CPU
		{03DF2CAD-5143-943E-52CD-C21CC726A530}.Debug|Any CPU.Build.0 = Debug|Any CPU
		{03DF2CAD-5143-943E-52CD-C21CC726A530}.Release|Any CPU.ActiveCfg = Release|Any CPU
		{03DF2CAD-5143-943E-52CD-C21CC726A530}.Release|Any CPU.Build.0 = Release|Any CPU
		{84D3B925-B3D6-809C-63D1-EF872DE12255}.Debug|Any CPU.ActiveCfg = Debug|Any CPU
		{84D3B925-B3D6-809C-63D1-EF872DE12255}.Debug|Any CPU.Build.0 = Debug|Any CPU
		{84D3B925-B3D6-809C-63D1-EF872DE12255}.Release|Any CPU.ActiveCfg = Release|Any CPU
		{84D3B925-B3D6-809C-63D1-EF872DE12255}.Release|Any CPU.Build.0 = Release|Any CPU
		{A144D256-885D-F905-0DB5-C58437ABA4F6}.Debug|Any CPU.ActiveCfg = Debug|Any CPU
		{A144D256-885D-F905-0DB5-C58437ABA4F6}.Debug|Any CPU.Build.0 = Debug|Any CPU
		{A144D256-885D-F905-0DB5-C58437ABA4F6}.Release|Any CPU.ActiveCfg = Release|Any CPU
		{A144D256-885D-F905-0DB5-C58437ABA4F6}.Release|Any CPU.Build.0 = Release|Any CPU
		{24EC23E3-29CD-18C7-9121-0F735B89B347}.Debug|Any CPU.ActiveCfg = Debug|Any CPU
		{24EC23E3-29CD-18C7-9121-0F735B89B347}.Debug|Any CPU.Build.0 = Debug|Any CPU
		{24EC23E3-29CD-18C7-9121-0F735B89B347}.Release|Any CPU.ActiveCfg = Release|Any CPU
		{24EC23E3-29CD-18C7-9121-0F735B89B347}.Release|Any CPU.Build.0 = Release|Any CPU
	EndGlobalSection
	GlobalSection(SolutionProperties) = preSolution
		HideSolutionNode = FALSE
	EndGlobalSection
EndGlobal
